<?xml version="1.0" encoding="utf-8"?>
<Project ToolsVersion="4.0" xmlns="http://schemas.microsoft.com/developer/msbuild/2003">
  <ItemGroup>
    <Filter Include="Source Files">
      <UniqueIdentifier>{4FC737F1-C7A5-4376-A066-2A32D752A2FF}</UniqueIdentifier>
      <Extensions>cpp;c;cc;cxx;def;odl;idl;hpj;bat;asm;asmx</Extensions>
    </Filter>
    <Filter Include="Header Files">
      <UniqueIdentifier>{93995380-89BD-4b04-88EB-625FBE52EBFB}</UniqueIdentifier>
      <Extensions>h;hh;hpp;hxx;hm;inl;inc;xsd</Extensions>
    </Filter>
    <Filter Include="Resource Files">
      <UniqueIdentifier>{67DA6AB6-F800-4c08-8B7A-83BB121AAD01}</UniqueIdentifier>
      <Extensions>rc;ico;cur;bmp;dlg;rc2;rct;bin;rgs;gif;jpg;jpeg;jpe;resx;tiff;tif;png;wav;mfcribbon-ms</Extensions>
    </Filter>
    <Filter Include="3rd">
      <UniqueIdentifier>{9e6825b6-a6f5-4ab7-85e0-4dabdf706ee3}</UniqueIdentifier>
    </Filter>
    <Filter Include="3rd\http_parser">
      <UniqueIdentifier>{bc0f8ed0-a984-416c-807d-f5019c6c48c0}</UniqueIdentifier>
    </Filter>
    <Filter Include="Header Files\wawo">
      <UniqueIdentifier>{3ceefb70-8735-4312-a96e-d8717abc4f4b}</UniqueIdentifier>
    </Filter>
    <Filter Include="Header Files\wawo\algorithm">
      <UniqueIdentifier>{e5ab8795-85ea-4e4b-83c0-286f600de2f1}</UniqueIdentifier>
    </Filter>
    <Filter Include="Header Files\wawo\app">
      <UniqueIdentifier>{7c0d2e5f-b1a8-4e30-bfe2-2e5dda016548}</UniqueIdentifier>
    </Filter>
    <Filter Include="Header Files\wawo\config">
      <UniqueIdentifier>{dcd09b86-efb6-4fd9-b7f4-15064670e090}</UniqueIdentifier>
    </Filter>
    <Filter Include="Header Files\wawo\env">
      <UniqueIdentifier>{635b0c7e-9328-4895-b081-d4ea0f4bf078}</UniqueIdentifier>
    </Filter>
    <Filter Include="Header Files\wawo\log">
      <UniqueIdentifier>{e6f5b3f5-c359-4dce-be1e-aec20ee4d30d}</UniqueIdentifier>
    </Filter>
    <Filter Include="Header Files\wawo\memory">
      <UniqueIdentifier>{04b0aa8a-3ad4-4846-8dad-596c3407205b}</UniqueIdentifier>
    </Filter>
    <Filter Include="Header Files\wawo\net">
      <UniqueIdentifier>{c7df995f-9bbc-41b2-b20a-b646bb3fd203}</UniqueIdentifier>
    </Filter>
    <Filter Include="Header Files\wawo\signal">
      <UniqueIdentifier>{ca0d6bf1-58d4-4461-b28b-12664a5ac6c0}</UniqueIdentifier>
    </Filter>
    <Filter Include="Header Files\wawo\task">
      <UniqueIdentifier>{f1789fa1-c94a-4981-8514-429e6ea6bebc}</UniqueIdentifier>
    </Filter>
    <Filter Include="Header Files\wawo\thread">
      <UniqueIdentifier>{140b351a-8b36-4c29-b011-41298545f83c}</UniqueIdentifier>
    </Filter>
    <Filter Include="Header Files\wawo\time">
      <UniqueIdentifier>{dc741019-cd41-4505-8ff7-4587da8e113f}</UniqueIdentifier>
    </Filter>
    <Filter Include="Header Files\wawo\config\compiler">
      <UniqueIdentifier>{cbcc2574-5590-4313-8dbb-19440e60d003}</UniqueIdentifier>
    </Filter>
    <Filter Include="Header Files\wawo\config\platform">
      <UniqueIdentifier>{373666bd-5644-44d0-80cb-e1ba2699d77b}</UniqueIdentifier>
    </Filter>
    <Filter Include="Header Files\wawo\net\core">
      <UniqueIdentifier>{d205ae93-dded-44eb-8f6e-b0b43b245f6f}</UniqueIdentifier>
    </Filter>
    <Filter Include="Header Files\wawo\net\peer">
      <UniqueIdentifier>{f62e7a13-4fab-4b62-b3d4-efd19efc01e3}</UniqueIdentifier>
    </Filter>
    <Filter Include="Header Files\wawo\net\core\observer_impl">
      <UniqueIdentifier>{dde108f1-5b30-42a2-a5aa-393bc34dfad9}</UniqueIdentifier>
    </Filter>
    <Filter Include="Header Files\wawo\net\peer\message">
      <UniqueIdentifier>{3894aaf7-546f-4feb-9f24-ede195bd3866}</UniqueIdentifier>
    </Filter>
    <Filter Include="Source Files\src">
      <UniqueIdentifier>{dcd78f91-04a6-4b80-8e02-5e99efe28c7c}</UniqueIdentifier>
    </Filter>
    <Filter Include="Source Files\src\log">
      <UniqueIdentifier>{20c1713a-cea0-4d4a-8487-5b6950c715cb}</UniqueIdentifier>
    </Filter>
    <Filter Include="Source Files\src\net">
      <UniqueIdentifier>{75c1c420-4e05-411b-bc88-3fd163998aaf}</UniqueIdentifier>
    </Filter>
    <Filter Include="Source Files\src\signal">
      <UniqueIdentifier>{45eba9f2-adcd-4472-a842-58c5348811af}</UniqueIdentifier>
    </Filter>
    <Filter Include="Source Files\src\task">
      <UniqueIdentifier>{356d7e0c-e553-4c52-887d-260745c24eff}</UniqueIdentifier>
    </Filter>
    <Filter Include="Source Files\src\thread">
      <UniqueIdentifier>{37411f93-7eb7-402e-9a30-2b2374a317c1}</UniqueIdentifier>
    </Filter>
    <Filter Include="Header Files\wawo\security">
      <UniqueIdentifier>{4b44b612-43a6-41c5-8ce0-7605eccc03d1}</UniqueIdentifier>
    </Filter>
    <Filter Include="Header Files\wawo\math">
      <UniqueIdentifier>{9d4666f2-d057-431b-b150-77a2d3666934}</UniqueIdentifier>
    </Filter>
    <Filter Include="Header Files\wawo\net\core\TLP">
      <UniqueIdentifier>{0d46a2fb-b1a4-4822-ac6d-b06e7b8ffbf6}</UniqueIdentifier>
    </Filter>
    <Filter Include="Source Files\src\net\peer">
      <UniqueIdentifier>{c2c87ca7-b8ec-4c54-9193-02acc1d2d990}</UniqueIdentifier>
    </Filter>
  </ItemGroup>
  <ItemGroup>
    <Text Include="ReadMe.txt" />
  </ItemGroup>
  <ItemGroup>
    <ClCompile Include="..\..\3rd\http_parser\http_parser.c">
      <Filter>3rd\http_parser</Filter>
    </ClCompile>
    <ClCompile Include="..\..\src\log\ConsoleLogger.cpp">
      <Filter>Source Files\src\log</Filter>
    </ClCompile>
    <ClCompile Include="..\..\src\log\FileLogger.cpp">
      <Filter>Source Files\src\log</Filter>
    </ClCompile>
    <ClCompile Include="..\..\src\log\FormatNormal.cpp">
      <Filter>Source Files\src\log</Filter>
    </ClCompile>
    <ClCompile Include="..\..\src\log\LoggerManager.cpp">
      <Filter>Source Files\src\log</Filter>
    </ClCompile>
    <ClCompile Include="..\..\src\log\SysLogger.cpp">
      <Filter>Source Files\src\log</Filter>
    </ClCompile>
    <ClCompile Include="..\..\src\thread\Condition.cpp">
      <Filter>Source Files\src\thread</Filter>
    </ClCompile>
    <ClCompile Include="..\..\src\thread\Mutex.cpp">
      <Filter>Source Files\src\thread</Filter>
    </ClCompile>
    <ClCompile Include="..\..\src\thread\Thread.cpp">
      <Filter>Source Files\src\thread</Filter>
    </ClCompile>
    <ClCompile Include="..\..\src\task\TaskManager.cpp">
      <Filter>Source Files\src\task</Filter>
    </ClCompile>
    <ClCompile Include="..\..\src\task\TaskRunnerPool.cpp">
      <Filter>Source Files\src\task</Filter>
    </ClCompile>
    <ClCompile Include="..\..\src\signal\SignalManager.cpp">
      <Filter>Source Files\src\signal</Filter>
    </ClCompile>
    <ClCompile Include="..\..\src\basic.cpp">
      <Filter>Source Files\src</Filter>
    </ClCompile>
    <ClCompile Include="..\..\src\Exception.cpp">
      <Filter>Source Files\src</Filter>
    </ClCompile>
    <ClCompile Include="..\..\src\net\Socket.cpp">
      <Filter>Source Files\src\net</Filter>
    </ClCompile>
    <ClCompile Include="..\..\src\net\SocketAddr.cpp">
      <Filter>Source Files\src\net</Filter>
    </ClCompile>
    <ClCompile Include="..\..\src\net\SocketObserver.cpp">
      <Filter>Source Files\src\net</Filter>
    </ClCompile>
    <ClCompile Include="..\..\src\task\TaskRunner.cpp">
      <Filter>Source Files\src\task</Filter>
    </ClCompile>
    <ClCompile Include="..\..\src\net\peer\Http.cpp">
      <Filter>Source Files\src\net\peer</Filter>
    </ClCompile>
  </ItemGroup>
  <ItemGroup>
    <ClInclude Include="..\..\3rd\http_parser\http_parser.h">
      <Filter>3rd\http_parser</Filter>
    </ClInclude>
    <ClInclude Include="..\..\include\wawo.h">
      <Filter>Header Files</Filter>
    </ClInclude>
    <ClInclude Include="..\..\include\wawo\algorithm\bytes_helper.hpp">
      <Filter>Header Files\wawo\algorithm</Filter>
    </ClInclude>
    <ClInclude Include="..\..\include\wawo\algorithm\BytesRingBuffer.hpp">
      <Filter>Header Files\wawo\algorithm</Filter>
    </ClInclude>
    <ClInclude Include="..\..\include\wawo\algorithm\KVPool.hpp">
      <Filter>Header Files\wawo\algorithm</Filter>
    </ClInclude>
    <ClInclude Include="..\..\include\wawo\algorithm\Packet.hpp">
      <Filter>Header Files\wawo\algorithm</Filter>
    </ClInclude>
    <ClInclude Include="..\..\include\wawo\algorithm\RingBuffer.hpp">
      <Filter>Header Files\wawo\algorithm</Filter>
    </ClInclude>
    <ClInclude Include="..\..\include\wawo\app\App.hpp">
      <Filter>Header Files\wawo\app</Filter>
    </ClInclude>
    <ClInclude Include="..\..\include\wawo\config\compiler.h">
      <Filter>Header Files\wawo\config</Filter>
    </ClInclude>
    <ClInclude Include="..\..\include\wawo\config\config.h">
      <Filter>Header Files\wawo\config</Filter>
    </ClInclude>
    <ClInclude Include="..\..\include\wawo\config\platform.h">
      <Filter>Header Files\wawo\config</Filter>
    </ClInclude>
    <ClInclude Include="..\..\include\wawo\config\compiler\compiler_msvc_.h">
      <Filter>Header Files\wawo\config\compiler</Filter>
    </ClInclude>
    <ClInclude Include="..\..\include\wawo\config\platform\platform_win_.h">
      <Filter>Header Files\wawo\config\platform</Filter>
    </ClInclude>
    <ClInclude Include="..\..\include\wawo\env\Env.hpp">
      <Filter>Header Files\wawo\env</Filter>
    </ClInclude>
    <ClInclude Include="..\..\include\wawo\env\Env_Impl_win32.hpp">
      <Filter>Header Files\wawo\env</Filter>
    </ClInclude>
    <ClInclude Include="..\..\include\wawo\log\ConsoleLogger.h">
      <Filter>Header Files\wawo\log</Filter>
    </ClInclude>
    <ClInclude Include="..\..\include\wawo\log\FileLogger.h">
      <Filter>Header Files\wawo\log</Filter>
    </ClInclude>
    <ClInclude Include="..\..\include\wawo\log\FormatInterface.h">
      <Filter>Header Files\wawo\log</Filter>
    </ClInclude>
    <ClInclude Include="..\..\include\wawo\log\FormatNormal.h">
      <Filter>Header Files\wawo\log</Filter>
    </ClInclude>
    <ClInclude Include="..\..\include\wawo\log\Logger_Abstract.hpp">
      <Filter>Header Files\wawo\log</Filter>
    </ClInclude>
    <ClInclude Include="..\..\include\wawo\log\LoggerManager.h">
      <Filter>Header Files\wawo\log</Filter>
    </ClInclude>
    <ClInclude Include="..\..\include\wawo\log\SysLogger.h">
      <Filter>Header Files\wawo\log</Filter>
    </ClInclude>
    <ClInclude Include="..\..\include\wawo\memory\memory.h">
      <Filter>Header Files\wawo\memory</Filter>
    </ClInclude>
    <ClInclude Include="..\..\include\wawo\net\Node_Abstract.hpp">
      <Filter>Header Files\wawo\net</Filter>
    </ClInclude>
    <ClInclude Include="..\..\include\wawo\net\Peer_Abstract.hpp">
      <Filter>Header Files\wawo\net</Filter>
    </ClInclude>
    <ClInclude Include="..\..\include\wawo\net\PeerProxy.hpp">
      <Filter>Header Files\wawo\net</Filter>
    </ClInclude>
    <ClInclude Include="..\..\include\wawo\net\ServicePool.hpp">
      <Filter>Header Files\wawo\net</Filter>
    </ClInclude>
    <ClInclude Include="..\..\include\wawo\net\ServiceProvider_Abstract.hpp">
      <Filter>Header Files\wawo\net</Filter>
    </ClInclude>
    <ClInclude Include="..\..\include\wawo\net\core\Dispatcher_Abstract.hpp">
      <Filter>Header Files\wawo\net\core</Filter>
    </ClInclude>
    <ClInclude Include="..\..\include\wawo\net\core\IOTaskManager.hpp">
      <Filter>Header Files\wawo\net\core</Filter>
    </ClInclude>
    <ClInclude Include="..\..\include\wawo\net\core\Listener_Abstract.hpp">
      <Filter>Header Files\wawo\net\core</Filter>
    </ClInclude>
    <ClInclude Include="..\..\include\wawo\net\peer\Http.hpp">
      <Filter>Header Files\wawo\net\peer</Filter>
    </ClInclude>
    <ClInclude Include="..\..\include\wawo\net\peer\Wawo.hpp">
      <Filter>Header Files\wawo\net\peer</Filter>
    </ClInclude>
    <ClInclude Include="..\..\include\wawo\net\peer\message\Http.hpp">
      <Filter>Header Files\wawo\net\peer\message</Filter>
    </ClInclude>
    <ClInclude Include="..\..\include\wawo\net\peer\message\Wawo.hpp">
      <Filter>Header Files\wawo\net\peer\message</Filter>
    </ClInclude>
    <ClInclude Include="..\..\include\wawo\signal\SignalHandler_Abstract.h">
      <Filter>Header Files\wawo\signal</Filter>
    </ClInclude>
    <ClInclude Include="..\..\include\wawo\signal\SignalManager.h">
      <Filter>Header Files\wawo\signal</Filter>
    </ClInclude>
    <ClInclude Include="..\..\include\wawo\time\time.hpp">
      <Filter>Header Files\wawo\time</Filter>
    </ClInclude>
    <ClInclude Include="..\..\include\wawo\task\Task.hpp">
      <Filter>Header Files\wawo\task</Filter>
    </ClInclude>
    <ClInclude Include="..\..\include\wawo\task\TaskManager.hpp">
      <Filter>Header Files\wawo\task</Filter>
    </ClInclude>
    <ClInclude Include="..\..\include\wawo\task\TaskRunner.hpp">
      <Filter>Header Files\wawo\task</Filter>
    </ClInclude>
    <ClInclude Include="..\..\include\wawo\task\TaskRunnerPool.hpp">
      <Filter>Header Files\wawo\task</Filter>
    </ClInclude>
    <ClInclude Include="..\..\include\wawo\thread\Condition.hpp">
      <Filter>Header Files\wawo\thread</Filter>
    </ClInclude>
    <ClInclude Include="..\..\include\wawo\thread\Mutex.hpp">
      <Filter>Header Files\wawo\thread</Filter>
    </ClInclude>
    <ClInclude Include="..\..\include\wawo\thread\Thread.hpp">
      <Filter>Header Files\wawo\thread</Filter>
    </ClInclude>
    <ClInclude Include="..\..\include\wawo\thread\Tls.hpp">
      <Filter>Header Files\wawo\thread</Filter>
    </ClInclude>
    <ClInclude Include="..\..\include\wawo\__init__.hpp">
      <Filter>Header Files\wawo</Filter>
    </ClInclude>
    <ClInclude Include="..\..\include\wawo\basic.hpp">
      <Filter>Header Files\wawo</Filter>
    </ClInclude>
    <ClInclude Include="..\..\include\wawo\constants.h">
      <Filter>Header Files\wawo</Filter>
    </ClInclude>
    <ClInclude Include="..\..\include\wawo\core.h">
      <Filter>Header Files\wawo</Filter>
    </ClInclude>
    <ClInclude Include="..\..\include\wawo\Exception.hpp">
      <Filter>Header Files\wawo</Filter>
    </ClInclude>
    <ClInclude Include="..\..\include\wawo\macros.h">
      <Filter>Header Files\wawo</Filter>
    </ClInclude>
    <ClInclude Include="..\..\include\wawo\SmartPtr.hpp">
      <Filter>Header Files\wawo</Filter>
    </ClInclude>
    <ClInclude Include="..\..\include\wawo\string.hpp">
      <Filter>Header Files\wawo</Filter>
    </ClInclude>
    <ClInclude Include="..\..\include\wawo\net\HttpNode.hpp">
      <Filter>Header Files\wawo\net</Filter>
    </ClInclude>
    <ClInclude Include="..\..\include\wawo\net\WawoNode.hpp">
      <Filter>Header Files\wawo\net</Filter>
    </ClInclude>
    <ClInclude Include="..\..\include\wawo\net\Messenger.hpp">
      <Filter>Header Files\wawo\net</Filter>
    </ClInclude>
    <ClInclude Include="..\..\include\wawo\security\dh.hpp">
      <Filter>Header Files\wawo\security</Filter>
    </ClInclude>
    <ClInclude Include="..\..\include\wawo\security\XxTea.hpp">
      <Filter>Header Files\wawo\security</Filter>
    </ClInclude>
    <ClInclude Include="..\..\include\wawo\security\Cipher_Abstract.hpp">
      <Filter>Header Files\wawo\security</Filter>
    </ClInclude>
    <ClInclude Include="..\..\include\wawo\config\platform\platform_gnu_.h">
      <Filter>Header Files\wawo\config\platform</Filter>
    </ClInclude>
    <ClInclude Include="..\..\include\wawo\env\Env_Impl_gnu.hpp">
      <Filter>Header Files\wawo\env</Filter>
    </ClInclude>
    <ClInclude Include="..\..\include\wawo\config\compiler\compiler_gnugcc_.h">
      <Filter>Header Files\wawo\config\compiler</Filter>
    </ClInclude>
    <ClInclude Include="..\..\include\wawo\security\obfuscate.hpp">
      <Filter>Header Files\wawo\security</Filter>
    </ClInclude>
    <ClInclude Include="..\..\include\wawo\math\formula.hpp">
      <Filter>Header Files\wawo\math</Filter>
    </ClInclude>
    <ClInclude Include="..\..\include\wawo\net\peer\message\Packet.hpp">
      <Filter>Header Files\wawo\net\peer\message</Filter>
    </ClInclude>
    <ClInclude Include="..\..\include\wawo\net\ServiceNode.hpp">
      <Filter>Header Files\wawo\net</Filter>
    </ClInclude>
    <ClInclude Include="..\..\include\wawo\net\core\TLP_Abstract.hpp">
      <Filter>Header Files\wawo\net\core</Filter>
    </ClInclude>
    <ClInclude Include="..\..\include\wawo\net\core\TLP\DH_SymmetricEncrypt.hpp">
      <Filter>Header Files\wawo\net\core\TLP</Filter>
    </ClInclude>
    <ClInclude Include="..\..\include\wawo\net\core\TLP\HLenPacket.hpp">
      <Filter>Header Files\wawo\net\core\TLP</Filter>
    </ClInclude>
    <ClInclude Include="..\..\include\wawo\net\core\TLP\Stream.hpp">
      <Filter>Header Files\wawo\net\core\TLP</Filter>
    </ClInclude>
    <ClInclude Include="..\..\include\wawo\net\core\TLP\SymmetricEncrypt.hpp">
      <Filter>Header Files\wawo\net\core\TLP</Filter>
    </ClInclude>
    <ClInclude Include="..\..\include\wawo\net\peer\Cargo.hpp">
      <Filter>Header Files\wawo\net\peer</Filter>
    </ClInclude>
    <ClInclude Include="..\..\include\wawo\Singleton.hpp">
      <Filter>Header Files\wawo</Filter>
    </ClInclude>
    <ClInclude Include="..\..\include\wawo\net\CargoNode.hpp">
      <Filter>Header Files\wawo\net</Filter>
    </ClInclude>
    <ClInclude Include="..\..\include\wawo\net\Socket.hpp">
      <Filter>Header Files\wawo\net</Filter>
    </ClInclude>
    <ClInclude Include="..\..\include\wawo\net\SocketAddr.hpp">
      <Filter>Header Files\wawo\net</Filter>
    </ClInclude>
    <ClInclude Include="..\..\include\wawo\net\NetEvent.hpp">
      <Filter>Header Files\wawo\net</Filter>
    </ClInclude>
    <ClInclude Include="..\..\include\wawo\net\SocketObserver.hpp">
      <Filter>Header Files\wawo\net</Filter>
    </ClInclude>
    <ClInclude Include="..\..\include\wawo\net\SocketProxy.hpp">
      <Filter>Header Files\wawo\net</Filter>
    </ClInclude>
    <ClInclude Include="..\..\include\wawo\net\core\observer_impl\Select.hpp">
      <Filter>Header Files\wawo\net\core\observer_impl</Filter>
    </ClInclude>
    <ClInclude Include="..\..\include\wawo\net\core\observer_impl\Epoll.hpp">
      <Filter>Header Files\wawo\net\core\observer_impl</Filter>
    </ClInclude>
    <ClInclude Include="..\..\include\wawo\net\core\Observer_Abstract.hpp">
      <Filter>Header Files\wawo\net\core</Filter>
    </ClInclude>
    <ClInclude Include="..\..\include\wawo\net\core\Event.hpp">
      <Filter>Header Files\wawo\net\core</Filter>
    </ClInclude>
  </ItemGroup>
</Project>