
Microsoft Visual Studio Solution File, Format Version 12.00
# Visual Studio 15
VisualStudioVersion = 15.0.27428.2015
MinimumVisualStudioVersion = 10.0.40219.1
Project("{8BC9CEB8-8B4A-11D0-8D11-00A0C91BC942}") = "ws_server", "ws_server.vcxproj", "{43198CA5-D846-4871-8CB0-D8F49F64918A}"
EndProject
Project("{8BC9CEB8-8B4A-11D0-8D11-00A0C91BC942}") = "wawo.2015", "..\..\..\..\projects\msvc\wawo.2015.vcxproj", "{CDCE0809-6C77-480B-8912-09C043B9C268}"
EndProject
Global
	GlobalSection(SolutionConfigurationPlatforms) = preSolution
		Debug|x64 = Debug|x64
		Debug|x86 = Debug|x86
		Release|x64 = Release|x64
		Release|x86 = Release|x86
	EndGlobalSection
	GlobalSection(ProjectConfigurationPlatforms) = postSolution
		{43198CA5-D846-4871-8CB0-D8F49F64918A}.Debug|x64.ActiveCfg = Debug|x64
		{43198CA5-D846-4871-8CB0-D8F49F64918A}.Debug|x64.Build.0 = Debug|x64
		{43198CA5-D846-4871-8CB0-D8F49F64918A}.Debug|x86.ActiveCfg = Debug|Win32
		{43198CA5-D846-4871-8CB0-D8F49F64918A}.Debug|x86.Build.0 = Debug|Win32
		{43198CA5-D846-4871-8CB0-D8F49F64918A}.Release|x64.ActiveCfg = Release|x64
		{43198CA5-D846-4871-8CB0-D8F49F64918A}.Release|x64.Build.0 = Release|x64
		{43198CA5-D846-4871-8CB0-D8F49F64918A}.Release|x86.ActiveCfg = Release|Win32
		{43198CA5-D846-4871-8CB0-D8F49F64918A}.Release|x86.Build.0 = Release|Win32
		{CDCE0809-6C77-480B-8912-09C043B9C268}.Debug|x64.ActiveCfg = Debug|x64
		{CDCE0809-6C77-480B-8912-09C043B9C268}.Debug|x64.Build.0 = Debug|x64
		{CDCE0809-6C77-480B-8912-09C043B9C268}.Debug|x86.ActiveCfg = Debug|Win32
		{CDCE0809-6C77-480B-8912-09C043B9C268}.Debug|x86.Build.0 = Debug|Win32
		{CDCE0809-6C77-480B-8912-09C043B9C268}.Release|x64.ActiveCfg = Release|x64
		{CDCE0809-6C77-480B-8912-09C043B9C268}.Release|x64.Build.0 = Release|x64
		{CDCE0809-6C77-480B-8912-09C043B9C268}.Release|x86.ActiveCfg = Release|Win32
		{CDCE0809-6C77-480B-8912-09C043B9C268}.Release|x86.Build.0 = Release|Win32
	EndGlobalSection
	GlobalSection(SolutionProperties) = preSolution
		HideSolutionNode = FALSE
	EndGlobalSection
	GlobalSection(ExtensibilityGlobals) = postSolution
		SolutionGuid = {7E67B8A8-16D5-4A42-A5EF-C71556480F04}
	EndGlobalSection
EndGlobal
