<?xml version="1.0" encoding="UTF-8" standalone="yes" ?>
<CodeBlocks_project_file>
	<FileVersion major="1" minor="6" />
	<Project>
		<Option title="wawo" />
		<Option makefile="makefile" />
		<Option execution_dir="../../linux" />
		<Option pch_mode="2" />
		<Option compiler="gcc" />
		<Build>
			<Target title="Debug">
				<Option output="bin/Debug/wawo" prefix_auto="1" extension_auto="1" />
				<Option working_dir="" />
				<Option object_output="obj/Debug/" />
				<Option type="2" />
				<Option compiler="gcc" />
				<Option parameters="-r 1" />
				<Option createDefFile="1" />
				<Compiler>
					<Add option="-Wall" />
					<Add option="-g" />
					<Add option="-O0" />
					<Add option="-DDEBUG" />
				</Compiler>
				<MakeCommands>
					<Build command="$make -f $makefile" />
					<CompileFile command="$make -f $makefile $file" />
					<Clean command="$make -f $makefile clean$target" />
					<DistClean command="$make -f $makefile distclean$target" />
					<AskRebuildNeeded command="$make -q -f $makefile $target" />
					<SilentBuild command="$make -f $makefile &gt; $(CMD_NULL)" />
				</MakeCommands>
			</Target>
			<Target title="Release">
				<Option output="bin/Release/wawo" prefix_auto="1" extension_auto="1" />
				<Option working_dir="" />
				<Option object_output="obj/Release/" />
				<Option type="2" />
				<Option compiler="gcc" />
				<Option parameters="-r 16" />
				<Option createDefFile="1" />
				<Compiler>
					<Add option="-O3" />
					<Add option="-DNDEBUG" />
				</Compiler>
				<Linker>
					<Add option="-s" />
				</Linker>
			</Target>
		</Build>
		<Compiler>
			<Add option="-Wall" />
			<Add option="-std=c++11" />
			<Add option="-m64" />
			<Add option="-D__WAWO_DAY_DAY_UP__" />
			<Add directory="../../../include" />
		</Compiler>
		<Linker>
			<Add option="-m64" />
			<Add option="-rdynamic" />
		</Linker>
		<Unit filename="../../../3rd/http_parser/http_parser.c">
			<Option compilerVar="CC" />
		</Unit>
		<Unit filename="../../../3rd/http_parser/http_parser.h" />
		<Unit filename="../../../include/wawo.h" />
		<Unit filename="../../../include/wawo/Exception.hpp" />
		<Unit filename="../../../include/wawo/Singleton.hpp" />
		<Unit filename="../../../include/wawo/SmartPtr.hpp" />
		<Unit filename="../../../include/wawo/__init__.hpp" />
		<Unit filename="../../../include/wawo/algorithm/BytesRingBuffer.hpp" />
		<Unit filename="../../../include/wawo/algorithm/KVPool.hpp" />
		<Unit filename="../../../include/wawo/algorithm/Packet.hpp" />
		<Unit filename="../../../include/wawo/algorithm/RingBuffer.hpp" />
		<Unit filename="../../../include/wawo/algorithm/bytes_helper.hpp" />
		<Unit filename="../../../include/wawo/app/App.hpp" />
		<Unit filename="../../../include/wawo/basic.hpp" />
		<Unit filename="../../../include/wawo/config/compiler.h" />
		<Unit filename="../../../include/wawo/config/compiler/compiler_gnugcc_.h" />
		<Unit filename="../../../include/wawo/config/compiler/compiler_msvc_.h" />
		<Unit filename="../../../include/wawo/config/config.h" />
		<Unit filename="../../../include/wawo/config/platform.h" />
		<Unit filename="../../../include/wawo/config/platform/platform_gnu_.h" />
		<Unit filename="../../../include/wawo/config/platform/platform_win_.h" />
		<Unit filename="../../../include/wawo/constants.h" />
		<Unit filename="../../../include/wawo/core.h" />
		<Unit filename="../../../include/wawo/env/Env.hpp" />
		<Unit filename="../../../include/wawo/env/Env_Impl_gnu.hpp" />
		<Unit filename="../../../include/wawo/env/Env_Impl_win32.hpp" />
		<Unit filename="../../../include/wawo/log/ConsoleLogger.h" />
		<Unit filename="../../../include/wawo/log/FileLogger.h" />
		<Unit filename="../../../include/wawo/log/FormatInterface.h" />
		<Unit filename="../../../include/wawo/log/FormatNormal.h" />
		<Unit filename="../../../include/wawo/log/LoggerManager.h" />
		<Unit filename="../../../include/wawo/log/Logger_Abstract.hpp" />
		<Unit filename="../../../include/wawo/log/SysLogger.h" />
		<Unit filename="../../../include/wawo/macros.h" />
		<Unit filename="../../../include/wawo/math/formula.hpp" />
		<Unit filename="../../../include/wawo/memory/memory.h" />
		<Unit filename="../../../include/wawo/net/CargoNode.hpp" />
		<Unit filename="../../../include/wawo/net/HttpNode.hpp" />
		<Unit filename="../../../include/wawo/net/Messenger.hpp" />
		<Unit filename="../../../include/wawo/net/NetEvent.hpp" />
		<Unit filename="../../../include/wawo/net/Node_Abstract.hpp" />
		<Unit filename="../../../include/wawo/net/PeerProxy.hpp" />
		<Unit filename="../../../include/wawo/net/Peer_Abstract.hpp" />
		<Unit filename="../../../include/wawo/net/ServiceNode.hpp" />
		<Unit filename="../../../include/wawo/net/ServicePool.hpp" />
		<Unit filename="../../../include/wawo/net/ServiceProvider_Abstract.hpp" />
		<Unit filename="../../../include/wawo/net/Socket.hpp" />
		<Unit filename="../../../include/wawo/net/SocketAddr.hpp" />
		<Unit filename="../../../include/wawo/net/SocketObserver.hpp" />
		<Unit filename="../../../include/wawo/net/SocketProxy.hpp" />
		<Unit filename="../../../include/wawo/net/WawoNode.hpp" />
		<Unit filename="../../../include/wawo/net/core/Dispatcher_Abstract.hpp" />
		<Unit filename="../../../include/wawo/net/core/Event.hpp" />
		<Unit filename="../../../include/wawo/net/core/IOTaskManager.hpp" />
		<Unit filename="../../../include/wawo/net/core/Listener_Abstract.hpp" />
		<Unit filename="../../../include/wawo/net/core/Observer_Abstract.hpp" />
		<Unit filename="../../../include/wawo/net/core/TLP/DH_SymmetricEncrypt.hpp" />
		<Unit filename="../../../include/wawo/net/core/TLP/HLenPacket.hpp" />
		<Unit filename="../../../include/wawo/net/core/TLP/Stream.hpp" />
		<Unit filename="../../../include/wawo/net/core/TLP/SymmetricEncrypt.hpp" />
		<Unit filename="../../../include/wawo/net/core/TLP_Abstract.hpp" />
		<Unit filename="../../../include/wawo/net/core/observer_impl/Epoll.hpp" />
		<Unit filename="../../../include/wawo/net/core/observer_impl/Select.hpp" />
		<Unit filename="../../../include/wawo/net/peer/Cargo.hpp" />
		<Unit filename="../../../include/wawo/net/peer/Http.hpp" />
		<Unit filename="../../../include/wawo/net/peer/Wawo.hpp" />
		<Unit filename="../../../include/wawo/net/peer/message/Http.hpp" />
		<Unit filename="../../../include/wawo/net/peer/message/Packet.hpp" />
		<Unit filename="../../../include/wawo/net/peer/message/Wawo.hpp" />
		<Unit filename="../../../include/wawo/net/service/EchoServer.hpp" />
		<Unit filename="../../../include/wawo/security/Cipher_Abstract.hpp" />
		<Unit filename="../../../include/wawo/security/XxTea.hpp" />
		<Unit filename="../../../include/wawo/security/dh.hpp" />
		<Unit filename="../../../include/wawo/security/obfuscate.hpp" />
		<Unit filename="../../../include/wawo/signal/SignalHandler_Abstract.h" />
		<Unit filename="../../../include/wawo/signal/SignalManager.h" />
		<Unit filename="../../../include/wawo/string.hpp" />
		<Unit filename="../../../include/wawo/task/Task.hpp" />
		<Unit filename="../../../include/wawo/task/TaskManager.hpp" />
		<Unit filename="../../../include/wawo/task/TaskRunner.hpp" />
		<Unit filename="../../../include/wawo/task/TaskRunnerPool.hpp" />
		<Unit filename="../../../include/wawo/thread/Condition.hpp" />
		<Unit filename="../../../include/wawo/thread/Mutex.hpp" />
		<Unit filename="../../../include/wawo/thread/Thread.hpp" />
		<Unit filename="../../../include/wawo/thread/Tls.hpp" />
		<Unit filename="../../../include/wawo/time/time.hpp" />
		<Unit filename="../../../src/Exception.cpp" />
		<Unit filename="../../../src/basic.cpp" />
		<Unit filename="../../../src/log/ConsoleLogger.cpp" />
		<Unit filename="../../../src/log/FileLogger.cpp" />
		<Unit filename="../../../src/log/FormatNormal.cpp" />
		<Unit filename="../../../src/log/LoggerManager.cpp" />
		<Unit filename="../../../src/log/SysLogger.cpp" />
		<Unit filename="../../../src/net/Socket.cpp" />
		<Unit filename="../../../src/net/SocketAddr.cpp" />
		<Unit filename="../../../src/net/SocketObserver.cpp" />
		<Unit filename="../../../src/net/peer/Http.cpp" />
		<Unit filename="../../../src/signal/SignalManager.cpp" />
		<Unit filename="../../../src/task/TaskManager.cpp" />
		<Unit filename="../../../src/task/TaskRunner.cpp" />
		<Unit filename="../../../src/task/TaskRunnerPool.cpp" />
		<Unit filename="../../../src/thread/Condition.cpp" />
		<Unit filename="../../../src/thread/Mutex.cpp" />
		<Unit filename="../../../src/thread/Thread.cpp" />
		<Extensions>
			<code_completion />
			<debugger />
		</Extensions>
	</Project>
</CodeBlocks_project_file>
