
Microsoft Visual Studio Solution File, Format Version 12.00
# Visual Studio 2012
Project("{8BC9CEB8-8B4A-11D0-8D11-00A0C91BC942}") = "client", "client\client.vcxproj", "{0685D226-2F43-4487-8442-665AEF89BC2D}"
EndProject
Project("{8BC9CEB8-8B4A-11D0-8D11-00A0C91BC942}") = "wawo.2012", "..\..\..\..\libs\wawo\projects\msvc\wawo.2012.vcxproj", "{DD8557AC-A37C-4FE5-8F46-C2C36C89602F}"
EndProject
Global
	GlobalSection(SolutionConfigurationPlatforms) = preSolution
		Debug|Win32 = Debug|Win32
		Release|Win32 = Release|Win32
	EndGlobalSection
	GlobalSection(ProjectConfigurationPlatforms) = postSolution
		{0685D226-2F43-4487-8442-665AEF89BC2D}.Debug|Win32.ActiveCfg = Debug|Win32
		{0685D226-2F43-4487-8442-665AEF89BC2D}.Debug|Win32.Build.0 = Debug|Win32
		{0685D226-2F43-4487-8442-665AEF89BC2D}.Release|Win32.ActiveCfg = Release|Win32
		{0685D226-2F43-4487-8442-665AEF89BC2D}.Release|Win32.Build.0 = Release|Win32
		{DD8557AC-A37C-4FE5-8F46-C2C36C89602F}.Debug|Win32.ActiveCfg = Debug|Win32
		{DD8557AC-A37C-4FE5-8F46-C2C36C89602F}.Debug|Win32.Build.0 = Debug|Win32
		{DD8557AC-A37C-4FE5-8F46-C2C36C89602F}.Release|Win32.ActiveCfg = Release|Win32
		{DD8557AC-A37C-4FE5-8F46-C2C36C89602F}.Release|Win32.Build.0 = Release|Win32
	EndGlobalSection
	GlobalSection(SolutionProperties) = preSolution
		HideSolutionNode = FALSE
	EndGlobalSection
EndGlobal
